Microsoft Visual Studio Solution File, Format Version 12.00
# Visual Studio Version 17
VisualStudioVersion = 17.5.2.0
MinimumVisualStudioVersion = 10.0.40219.1
Project("{FAE04EC0-301F-11D3-BF4B-00C04F79EFBC}") = "ubereats", "ubereats.csproj", "{38A52CB3-CEA0-4A21-D951-3D0435365C67}"
EndProject
Global
	GlobalSection(SolutionConfigurationPlatforms) = preSolution
		Debug|Any CPU = Debug|Any CPU
		Release|Any CPU = Release|Any CPU
	EndGlobalSection
	GlobalSection(ProjectConfigurationPlatforms) = postSolution
		{38A52CB3-CEA0-4A21-D951-3D0435365C67}.Debug|Any CPU.ActiveCfg = Debug|Any CPU
		{38A52CB3-CEA0-4A21-D951-3D0435365C67}.Debug|Any CPU.Build.0 = Debug|Any CPU
		{38A52CB3-CEA0-4A21-D951-3D0435365C67}.Release|Any CPU.ActiveCfg = Release|Any CPU
		{38A52CB3-CEA0-4A21-D951-3D0435365C67}.Release|Any CPU.Build.0 = Release|Any CPU
	EndGlobalSection
	GlobalSection(SolutionProperties) = preSolution
		HideSolutionNode = FALSE
	EndGlobalSection
	GlobalSection(ExtensibilityGlobals) = postSolution
		SolutionGuid = {8EC80853-3D35-4F41-8C92-9431B70E8FA1}
	EndGlobalSection
EndGlobal
